{
  "name": "blockbench-easing",
  "version": "1.0.0",
  "lockfileVersion": 2,
  "requires": true,
  "packages": {
    "": {
      "name": "blockbench-easing",
      "version": "1.0.0",
      "license": "GPLV3",
      "devDependencies": {
        "blockbench-types": "^4.0.0"
      }
    },
    "node_modules/@types/jquery": {
      "version": "3.5.6",
      "resolved": "https://registry.npmjs.org/@types/jquery/-/jquery-3.5.6.tgz",
      "integrity": "sha512-SmgCQRzGPId4MZQKDj9Hqc6kSXFNWZFHpELkyK8AQhf8Zr6HKfCzFv9ZC1Fv3FyQttJZOlap3qYb12h61iZAIg==",
      "dev": true,
      "dependencies": {
        "@types/sizzle": "*"
      }
    },
    "node_modules/@types/sizzle": {
      "version": "2.3.3",
      "resolved": "https://registry.npmjs.org/@types/sizzle/-/sizzle-2.3.3.tgz",
      "integrity": "sha512-JYM8x9EGF163bEyhdJBpR2QX1R5naCJHC8ucJylJ3w9/CVBaskdQ8WqBf8MmQrd1kRvp/a4TS8HJ+bxzR7ZJYQ==",
      "dev": true
    },
    "node_modules/blockbench-types": {
      "version": "4.2.0",
      "resolved": "https://registry.npmjs.org/blockbench-types/-/blockbench-types-4.2.0.tgz",
      "integrity": "sha512-+IhGt61Z9jDvJyH778v87MRBhd0wo70vhLRnAPdHmQ4p46b7slINu2SwKntUu+N1l5oF7StnhRCHgFYv1mFEWw==",
      "dev": true,
      "dependencies": {
        "@types/jquery": "^3.5.4",
        "three": "^0.129.0",
        "vue": "^2.6.14",
        "wintersky": "^1.1.0"
      }
    },
    "node_modules/molangjs": {
      "version": "1.5.1",
      "resolved": "https://registry.npmjs.org/molangjs/-/molangjs-1.5.1.tgz",
      "integrity": "sha512-9zMA2OkcWc/evgFUH1n85XFxBmf6+CLLqPrWsZzp7h3C16bfLu7WCSNLUew7vXX2CiYg3GIOgkF8SL4RkWQCDA==",
      "dev": true
    },
    "node_modules/three": {
      "version": "0.129.0",
      "resolved": "https://registry.npmjs.org/three/-/three-0.129.0.tgz",
      "integrity": "sha512-wiWio1yVRg2Oj6WEWsTHQo5eSzYpEwSBtPSi3OofNpvFbf26HFfb9kw4FZJNjII4qxzp0b1xLB11+tKkBGB1ZA==",
      "dev": true
    },
    "node_modules/tinycolor2": {
      "version": "1.4.2",
      "resolved": "https://registry.npmjs.org/tinycolor2/-/tinycolor2-1.4.2.tgz",
      "integrity": "sha512-vJhccZPs965sV/L2sU4oRQVAos0pQXwsvTLkWYdqJ+a8Q5kPFzJTuOFwy7UniPli44NKQGAglksjvOcpo95aZA==",
      "dev": true,
      "engines": {
        "node": "*"
      }
    },
    "node_modules/vue": {
      "version": "2.6.14",
      "resolved": "https://registry.npmjs.org/vue/-/vue-2.6.14.tgz",
      "integrity": "sha512-x2284lgYvjOMj3Za7kqzRcUSxBboHqtgRE2zlos1qWaOye5yUmHn42LB1250NJBLRwEcdrB0JRwyPTEPhfQjiQ==",
      "dev": true
    },
    "node_modules/wintersky": {
      "version": "1.1.0",
      "resolved": "https://registry.npmjs.org/wintersky/-/wintersky-1.1.0.tgz",
      "integrity": "sha512-wN4ZjgzZejM/Kvcoe6/7O5sSf2ERLAJvxI/1h0rqXuQdCLW98g40OVWi7v5ZthRqxJikhPcVMdN/TVZ4eCu/RQ==",
      "dev": true,
      "dependencies": {
        "molangjs": "^1.5.0",
        "three": "^0.139.2",
        "tinycolor2": "^1.4.2"
      }
    },
    "node_modules/wintersky/node_modules/three": {
      "version": "0.139.2",
      "resolved": "https://registry.npmjs.org/three/-/three-0.139.2.tgz",
      "integrity": "sha512-gV7q7QY8rogu7HLFZR9cWnOQAUedUhu2WXAnpr2kdXZP9YDKsG/0ychwQvWkZN5PlNw9mv5MoCTin6zNTXoONg==",
      "dev": true
    }
  },
  "dependencies": {
    "@types/jquery": {
      "version": "3.5.6",
      "resolved": "https://registry.npmjs.org/@types/jquery/-/jquery-3.5.6.tgz",
      "integrity": "sha512-SmgCQRzGPId4MZQKDj9Hqc6kSXFNWZFHpELkyK8AQhf8Zr6HKfCzFv9ZC1Fv3FyQttJZOlap3qYb12h61iZAIg==",
      "dev": true,
      "requires": {
        "@types/sizzle": "*"
      }
    },
    "@types/sizzle": {
      "version": "2.3.3",
      "resolved": "https://registry.npmjs.org/@types/sizzle/-/sizzle-2.3.3.tgz",
      "integrity": "sha512-JYM8x9EGF163bEyhdJBpR2QX1R5naCJHC8ucJylJ3w9/CVBaskdQ8WqBf8MmQrd1kRvp/a4TS8HJ+bxzR7ZJYQ==",
      "dev": true
    },
    "blockbench-types": {
      "version": "4.2.0",
      "resolved": "https://registry.npmjs.org/blockbench-types/-/blockbench-types-4.2.0.tgz",
      "integrity": "sha512-+IhGt61Z9jDvJyH778v87MRBhd0wo70vhLRnAPdHmQ4p46b7slINu2SwKntUu+N1l5oF7StnhRCHgFYv1mFEWw==",
      "dev": true,
      "requires": {
        "@types/jquery": "^3.5.4",
        "three": "^0.129.0",
        "vue": "^2.6.14",
        "wintersky": "^1.1.0"
      }
    },
    "molangjs": {
      "version": "1.5.1",
      "resolved": "https://registry.npmjs.org/molangjs/-/molangjs-1.5.1.tgz",
      "integrity": "sha512-9zMA2OkcWc/evgFUH1n85XFxBmf6+CLLqPrWsZzp7h3C16bfLu7WCSNLUew7vXX2CiYg3GIOgkF8SL4RkWQCDA==",
      "dev": true
    },
    "three": {
      "version": "0.129.0",
      "resolved": "https://registry.npmjs.org/three/-/three-0.129.0.tgz",
      "integrity": "sha512-wiWio1yVRg2Oj6WEWsTHQo5eSzYpEwSBtPSi3OofNpvFbf26HFfb9kw4FZJNjII4qxzp0b1xLB11+tKkBGB1ZA==",
      "dev": true
    },
    "tinycolor2": {
      "version": "1.4.2",
      "resolved": "https://registry.npmjs.org/tinycolor2/-/tinycolor2-1.4.2.tgz",
      "integrity": "sha512-vJhccZPs965sV/L2sU4oRQVAos0pQXwsvTLkWYdqJ+a8Q5kPFzJTuOFwy7UniPli44NKQGAglksjvOcpo95aZA==",
      "dev": true
    },
    "vue": {
      "version": "2.6.14",
      "resolved": "https://registry.npmjs.org/vue/-/vue-2.6.14.tgz",
      "integrity": "sha512-x2284lgYvjOMj3Za7kqzRcUSxBboHqtgRE2zlos1qWaOye5yUmHn42LB1250NJBLRwEcdrB0JRwyPTEPhfQjiQ==",
      "dev": true
    },
    "wintersky": {
      "version": "1.1.0",
      "resolved": "https://registry.npmjs.org/wintersky/-/wintersky-1.1.0.tgz",
      "integrity": "sha512-wN4ZjgzZejM/Kvcoe6/7O5sSf2ERLAJvxI/1h0rqXuQdCLW98g40OVWi7v5ZthRqxJikhPcVMdN/TVZ4eCu/RQ==",
      "dev": true,
      "requires": {
        "molangjs": "^1.5.0",
        "three": "^0.139.2",
        "tinycolor2": "^1.4.2"
      },
      "dependencies": {
        "three": {
          "version": "0.139.2",
          "resolved": "https://registry.npmjs.org/three/-/three-0.139.2.tgz",
          "integrity": "sha512-gV7q7QY8rogu7HLFZR9cWnOQAUedUhu2WXAnpr2kdXZP9YDKsG/0ychwQvWkZN5PlNw9mv5MoCTin6zNTXoONg==",
          "dev": true
        }
      }
    }
  }
}
